
Microsoft Visual Studio Solution File, Format Version 12.00
# Visual Studio Version 17
VisualStudioVersion = 17.7.34018.315
MinimumVisualStudioVersion = 10.0.40219.1
Project("{FAE04EC0-301F-11D3-BF4B-00C04F79EFBC}") = "EstructuraSeleccionMultiple2Ventana", "EstructuraSeleccionMultiple2Ventana\EstructuraSeleccionMultiple2Ventana.csproj", "{AAEB95C6-DD61-4ECA-BB0D-8293DC3B6242}"
EndProject
Global
	GlobalSection(SolutionConfigurationPlatforms) = preSolution
		Debug|Any CPU = Debug|Any CPU
		Release|Any CPU = Release|Any CPU
	EndGlobalSection
	GlobalSection(ProjectConfigurationPlatforms) = postSolution
		{AAEB95C6-DD61-4ECA-BB0D-8293DC3B6242}.Debug|Any CPU.ActiveCfg = Debug|Any CPU
		{AAEB95C6-DD61-4ECA-BB0D-8293DC3B6242}.Debug|Any CPU.Build.0 = Debug|Any CPU
		{AAEB95C6-DD61-4ECA-BB0D-8293DC3B6242}.Release|Any CPU.ActiveCfg = Release|Any CPU
		{AAEB95C6-DD61-4ECA-BB0D-8293DC3B6242}.Release|Any CPU.Build.0 = Release|Any CPU
	EndGlobalSection
	GlobalSection(SolutionProperties) = preSolution
		HideSolutionNode = FALSE
	EndGlobalSection
	GlobalSection(ExtensibilityGlobals) = postSolution
		SolutionGuid = {65EC75FE-3001-456C-8544-23F47A6CE41C}
	EndGlobalSection
EndGlobal
